{
  "nodes": {
    "nixpkgs": {
      "locked": {
        "lastModified": 1669262068,
        "narHash": "sha256-Ovw6Kn+tS1+2PlTTFxrF795inLjXxZ59pTJjZc6wnns=",
        "owner": "vivlim",
        "repo": "nixpkgs",
        "rev": "4e231f235b096a206d76d9d701a632b9f3da39bb",
        "type": "github"
      },
      "original": {
        "owner": "vivlim",
        "ref": "mastodon-fixes-on-unstable",
        "repo": "nixpkgs",
        "type": "github"
      }
    },
    "root": {
      "inputs": {
        "nixpkgs": "nixpkgs"
      }
    }
  },
  "root": "root",
  "version": 7
}
